
Microsoft Visual Studio Solution File, Format Version 12.00
# Visual Studio Version 16
VisualStudioVersion = 16.0.29905.134
MinimumVisualStudioVersion = 10.0.40219.1
Project("{FAE04EC0-301F-11D3-BF4B-00C04F79EFBC}") = "ABSeparation", "ABSeparation\ABSeparation.csproj", "{A2F90E81-F206-4A41-97DE-60FA42898454}"
EndProject
Global
	GlobalSection(SolutionConfigurationPlatforms) = preSolution
		Debug|Any CPU = Debug|Any CPU
		Release|Any CPU = Release|Any CPU
	EndGlobalSection
	GlobalSection(ProjectConfigurationPlatforms) = postSolution
		{A2F90E81-F206-4A41-97DE-60FA42898454}.Debug|Any CPU.ActiveCfg = Debug|Any CPU
		{A2F90E81-F206-4A41-97DE-60FA42898454}.Debug|Any CPU.Build.0 = Debug|Any CPU
		{A2F90E81-F206-4A41-97DE-60FA42898454}.Release|Any CPU.ActiveCfg = Release|Any CPU
		{A2F90E81-F206-4A41-97DE-60FA42898454}.Release|Any CPU.Build.0 = Release|Any CPU
	EndGlobalSection
	GlobalSection(SolutionProperties) = preSolution
		HideSolutionNode = FALSE
	EndGlobalSection
	GlobalSection(ExtensibilityGlobals) = postSolution
		SolutionGuid = {302EE2EC-1228-41E3-BD93-955200C2F8BD}
	EndGlobalSection
EndGlobal
